
Microsoft Visual Studio Solution File, Format Version 12.00
# Visual Studio Version 16
VisualStudioVersion = 16.0.30517.126
MinimumVisualStudioVersion = 10.0.40219.1
Project("{FAE04EC0-301F-11D3-BF4B-00C04F79EFBC}") = "HowOldAreYou", "HowOldAreYou\HowOldAreYou.csproj", "{2CD2BC05-AD7B-4D3A-9CF6-DE2A3477E10E}"
EndProject
Global
	GlobalSection(SolutionConfigurationPlatforms) = preSolution
		Debug|Any CPU = Debug|Any CPU
		Release|Any CPU = Release|Any CPU
	EndGlobalSection
	GlobalSection(ProjectConfigurationPlatforms) = postSolution
		{2CD2BC05-AD7B-4D3A-9CF6-DE2A3477E10E}.Debug|Any CPU.ActiveCfg = Debug|Any CPU
		{2CD2BC05-AD7B-4D3A-9CF6-DE2A3477E10E}.Debug|Any CPU.Build.0 = Debug|Any CPU
		{2CD2BC05-AD7B-4D3A-9CF6-DE2A3477E10E}.Release|Any CPU.ActiveCfg = Release|Any CPU
		{2CD2BC05-AD7B-4D3A-9CF6-DE2A3477E10E}.Release|Any CPU.Build.0 = Release|Any CPU
	EndGlobalSection
	GlobalSection(SolutionProperties) = preSolution
		HideSolutionNode = FALSE
	EndGlobalSection
	GlobalSection(ExtensibilityGlobals) = postSolution
		SolutionGuid = {3337D28D-C4FD-4936-9096-D4AA5663AAF5}
	EndGlobalSection
EndGlobal
